[root]
name = "chomp-sexpr"
version = "0.1.0"
dependencies = [
 "chomp 0.3.1 (registry+https://github.com/rust-lang/crates.io-index)",
]

[[package]]
name = "backtrace"
version = "0.1.8"
source = "registry+https://github.com/rust-lang/crates.io-index"
dependencies = [
 "backtrace-sys 0.1.5 (registry+https://github.com/rust-lang/crates.io-index)",
 "cfg-if 0.1.0 (registry+https://github.com/rust-lang/crates.io-index)",
 "dbghelp-sys 0.2.0 (registry+https://github.com/rust-lang/crates.io-index)",
 "debug-builders 0.1.0 (registry+https://github.com/rust-lang/crates.io-index)",
 "kernel32-sys 0.2.2 (registry+https://github.com/rust-lang/crates.io-index)",
 "libc 0.2.18 (registry+https://github.com/rust-lang/crates.io-index)",
 "winapi 0.2.8 (registry+https://github.com/rust-lang/crates.io-index)",
]

[[package]]
name = "backtrace-sys"
version = "0.1.5"
source = "registry+https://github.com/rust-lang/crates.io-index"
dependencies = [
 "gcc 0.3.40 (registry+https://github.com/rust-lang/crates.io-index)",
 "libc 0.2.18 (registry+https://github.com/rust-lang/crates.io-index)",
]

[[package]]
name = "bitflags"
version = "0.7.0"
source = "registry+https://github.com/rust-lang/crates.io-index"

[[package]]
name = "cfg-if"
version = "0.1.0"
source = "registry+https://github.com/rust-lang/crates.io-index"

[[package]]
name = "chomp"
version = "0.3.1"
source = "registry+https://github.com/rust-lang/crates.io-index"
dependencies = [
 "bitflags 0.7.0 (registry+https://github.com/rust-lang/crates.io-index)",
 "conv 0.3.3 (registry+https://github.com/rust-lang/crates.io-index)",
 "debugtrace 0.1.0 (registry+https://github.com/rust-lang/crates.io-index)",
 "either 0.1.7 (registry+https://github.com/rust-lang/crates.io-index)",
]

[[package]]
name = "conv"
version = "0.3.3"
source = "registry+https://github.com/rust-lang/crates.io-index"
dependencies = [
 "custom_derive 0.1.7 (registry+https://github.com/rust-lang/crates.io-index)",
]

[[package]]
name = "custom_derive"
version = "0.1.7"
source = "registry+https://github.com/rust-lang/crates.io-index"

[[package]]
name = "dbghelp-sys"
version = "0.2.0"
source = "registry+https://github.com/rust-lang/crates.io-index"
dependencies = [
 "winapi 0.2.8 (registry+https://github.com/rust-lang/crates.io-index)",
 "winapi-build 0.1.1 (registry+https://github.com/rust-lang/crates.io-index)",
]

[[package]]
name = "debug-builders"
version = "0.1.0"
source = "registry+https://github.com/rust-lang/crates.io-index"

[[package]]
name = "debugtrace"
version = "0.1.0"
source = "registry+https://github.com/rust-lang/crates.io-index"
dependencies = [
 "backtrace 0.1.8 (registry+https://github.com/rust-lang/crates.io-index)",
]

[[package]]
name = "either"
version = "0.1.7"
source = "registry+https://github.com/rust-lang/crates.io-index"

[[package]]
name = "gcc"
version = "0.3.40"
source = "registry+https://github.com/rust-lang/crates.io-index"

[[package]]
name = "kernel32-sys"
version = "0.2.2"
source = "registry+https://github.com/rust-lang/crates.io-index"
dependencies = [
 "winapi 0.2.8 (registry+https://github.com/rust-lang/crates.io-index)",
 "winapi-build 0.1.1 (registry+https://github.com/rust-lang/crates.io-index)",
]

[[package]]
name = "libc"
version = "0.2.18"
source = "registry+https://github.com/rust-lang/crates.io-index"

[[package]]
name = "winapi"
version = "0.2.8"
source = "registry+https://github.com/rust-lang/crates.io-index"

[[package]]
name = "winapi-build"
version = "0.1.1"
source = "registry+https://github.com/rust-lang/crates.io-index"

[metadata]
"checksum backtrace 0.1.8 (registry+https://github.com/rust-lang/crates.io-index)" = "150ae7828afa7afb6d474f909d64072d21de1f3365b6e8ad8029bf7b1c6350a0"
"checksum backtrace-sys 0.1.5 (registry+https://github.com/rust-lang/crates.io-index)" = "3602e8d8c43336088a8505fa55cae2b3884a9be29440863a11528a42f46f6bb7"
"checksum bitflags 0.7.0 (registry+https://github.com/rust-lang/crates.io-index)" = "aad18937a628ec6abcd26d1489012cc0e18c21798210f491af69ded9b881106d"
"checksum cfg-if 0.1.0 (registry+https://github.com/rust-lang/crates.io-index)" = "de1e760d7b6535af4241fca8bd8adf68e2e7edacc6b29f5d399050c5e48cf88c"
"checksum chomp 0.3.1 (registry+https://github.com/rust-lang/crates.io-index)" = "9f74ad218e66339b11fd23f693fb8f1d621e80ba6ac218297be26073365d163d"
"checksum conv 0.3.3 (registry+https://github.com/rust-lang/crates.io-index)" = "78ff10625fd0ac447827aa30ea8b861fead473bb60aeb73af6c1c58caf0d1299"
"checksum custom_derive 0.1.7 (registry+https://github.com/rust-lang/crates.io-index)" = "ef8ae57c4978a2acd8b869ce6b9ca1dfe817bff704c220209fdef2c0b75a01b9"
"checksum dbghelp-sys 0.2.0 (registry+https://github.com/rust-lang/crates.io-index)" = "97590ba53bcb8ac28279161ca943a924d1fd4a8fb3fa63302591647c4fc5b850"
"checksum debug-builders 0.1.0 (registry+https://github.com/rust-lang/crates.io-index)" = "0f5d8e3d14cabcb2a8a59d7147289173c6ada77a0bc526f6b85078f941c0cf12"
"checksum debugtrace 0.1.0 (registry+https://github.com/rust-lang/crates.io-index)" = "62e432bd83c5d70317f6ebd8a50ed4afb32907c64d6e2e1e65e339b06dc553f3"
"checksum either 0.1.7 (registry+https://github.com/rust-lang/crates.io-index)" = "a39bffec1e2015c5d8a6773cb0cf48d0d758c842398f624c34969071f5499ea7"
"checksum gcc 0.3.40 (registry+https://github.com/rust-lang/crates.io-index)" = "872db9e59486ef2b14f8e8c10e9ef02de2bccef6363d7f34835dedb386b3d950"
"checksum kernel32-sys 0.2.2 (registry+https://github.com/rust-lang/crates.io-index)" = "7507624b29483431c0ba2d82aece8ca6cdba9382bff4ddd0f7490560c056098d"
"checksum libc 0.2.18 (registry+https://github.com/rust-lang/crates.io-index)" = "a51822fc847e7a8101514d1d44e354ba2ffa7d4c194dcab48870740e327cac70"
"checksum winapi 0.2.8 (registry+https://github.com/rust-lang/crates.io-index)" = "167dc9d6949a9b857f3451275e911c3f44255842c1f7a76f33c55103a909087a"
"checksum winapi-build 0.1.1 (registry+https://github.com/rust-lang/crates.io-index)" = "2d315eee3b34aca4797b2da6b13ed88266e6d612562a0c46390af8299fc699bc"
