[root]
name = "serde-custom"
version = "0.1.0"
dependencies = [
 "serde 1.0.2 (registry+https://github.com/rust-lang/crates.io-index)",
 "serde_json 1.0.1 (registry+https://github.com/rust-lang/crates.io-index)",
]

[[package]]
name = "dtoa"
version = "0.4.1"
source = "registry+https://github.com/rust-lang/crates.io-index"

[[package]]
name = "itoa"
version = "0.3.1"
source = "registry+https://github.com/rust-lang/crates.io-index"

[[package]]
name = "num-traits"
version = "0.1.36"
source = "registry+https://github.com/rust-lang/crates.io-index"

[[package]]
name = "serde"
version = "1.0.2"
source = "registry+https://github.com/rust-lang/crates.io-index"

[[package]]
name = "serde_json"
version = "1.0.1"
source = "registry+https://github.com/rust-lang/crates.io-index"
dependencies = [
 "dtoa 0.4.1 (registry+https://github.com/rust-lang/crates.io-index)",
 "itoa 0.3.1 (registry+https://github.com/rust-lang/crates.io-index)",
 "num-traits 0.1.36 (registry+https://github.com/rust-lang/crates.io-index)",
 "serde 1.0.2 (registry+https://github.com/rust-lang/crates.io-index)",
]

[metadata]
"checksum dtoa 0.4.1 (registry+https://github.com/rust-lang/crates.io-index)" = "80c8b71fd71146990a9742fc06dcbbde19161a267e0ad4e572c35162f4578c90"
"checksum itoa 0.3.1 (registry+https://github.com/rust-lang/crates.io-index)" = "eb2f404fbc66fd9aac13e998248505e7ecb2ad8e44ab6388684c5fb11c6c251c"
"checksum num-traits 0.1.36 (registry+https://github.com/rust-lang/crates.io-index)" = "a16a42856a256b39c6d3484f097f6713e14feacd9bfb02290917904fae46c81c"
"checksum serde 1.0.2 (registry+https://github.com/rust-lang/crates.io-index)" = "3b46a59dd63931010fdb1d88538513f3279090d88b5c22ef4fe8440cfffcc6e3"
"checksum serde_json 1.0.1 (registry+https://github.com/rust-lang/crates.io-index)" = "1c62115693d0a9ed8c32d1c760f0fdbe7d4b05cb13c135b9b54137ac0d59fccb"
